// !$*UTF8*$!
{
	archiveVersion = 1;
	classes = {
	};
	objectVersion = 46;
	objects = {

/* Begin PBXBuildFile section */
		84A65F601A97551A002512B9 /* AppDelegate.swift in Sources */ = {isa = PBXBuildFile; fileRef = 84A65F5F1A97551A002512B9 /* AppDelegate.swift */; };
		84A65F631A97551A002512B9 /* iCalc.xcdatamodeld in Sources */ = {isa = PBXBuildFile; fileRef = 84A65F611A97551A002512B9 /* iCalc.xcdatamodeld */; };
		84A65F651A97551A002512B9 /* ViewController.swift in Sources */ = {isa = PBXBuildFile; fileRef = 84A65F641A97551A002512B9 /* ViewController.swift */; };
		84A65F681A97551A002512B9 /* Main.storyboard in Resources */ = {isa = PBXBuildFile; fileRef = 84A65F661A97551A002512B9 /* Main.storyboard */; };
		84A65F6A1A97551B002512B9 /* Images.xcassets in Resources */ = {isa = PBXBuildFile; fileRef = 84A65F691A97551B002512B9 /* Images.xcassets */; };
		84A65F6D1A97551B002512B9 /* LaunchScreen.xib in Resources */ = {isa = PBXBuildFile; fileRef = 84A65F6B1A97551B002512B9 /* LaunchScreen.xib */; };
		84A65F791A97551B002512B9 /* iCalcTests.swift in Sources */ = {isa = PBXBuildFile; fileRef = 84A65F781A97551B002512B9 /* iCalcTests.swift */; };
/* End PBXBuildFile section */

/* Begin PBXContainerItemProxy section */
		84A65F731A97551B002512B9 /* PBXContainerItemProxy */ = {
			isa = PBXContainerItemProxy;
			containerPortal = 84A65F521A97551A002512B9 /* Project object */;
			proxyType = 1;
			remoteGlobalIDString = 84A65F591A97551A002512B9;
			remoteInfo = iCalc;
		};
/* End PBXContainerItemProxy section */

/* Begin PBXFileReference section */
		84A65F5A1A97551A002512B9 /* iCalc.app */ = {isa = PBXFileReference; explicitFileType = wrapper.application; includeInIndex = 0; path = iCalc.app; sourceTree = BUILT_PRODUCTS_DIR; };
		84A65F5E1A97551A002512B9 /* Info.plist */ = {isa = PBXFileReference; lastKnownFileType = text.plist.xml; path = Info.plist; sourceTree = "<group>"; };
		84A65F5F1A97551A002512B9 /* AppDelegate.swift */ = {isa = PBXFileReference; lastKnownFileType = sourcecode.swift; path = AppDelegate.swift; sourceTree = "<group>"; };
		84A65F621A97551A002512B9 /* iCalc.xcdatamodel */ = {isa = PBXFileReference; lastKnownFileType = wrapper.xcdatamodel; path = iCalc.xcdatamodel; sourceTree = "<group>"; };
		84A65F641A97551A002512B9 /* ViewController.swift */ = {isa = PBXFileReference; lastKnownFileType = sourcecode.swift; path = ViewController.swift; sourceTree = "<group>"; };
		84A65F671A97551A002512B9 /* Base */ = {isa = PBXFileReference; lastKnownFileType = file.storyboard; name = Base; path = Base.lproj/Main.storyboard; sourceTree = "<group>"; };
		84A65F691A97551B002512B9 /* Images.xcassets */ = {isa = PBXFileReference; lastKnownFileType = folder.assetcatalog; path = Images.xcassets; sourceTree = "<group>"; };
		84A65F6C1A97551B002512B9 /* Base */ = {isa = PBXFileReference; lastKnownFileType = file.xib; name = Base; path = Base.lproj/LaunchScreen.xib; sourceTree = "<group>"; };
		84A65F721A97551B002512B9 /* iCalcTests.xctest */ = {isa = PBXFileReference; explicitFileType = wrapper.cfbundle; includeInIndex = 0; path = iCalcTests.xctest; sourceTree = BUILT_PRODUCTS_DIR; };
		84A65F771A97551B002512B9 /* Info.plist */ = {isa = PBXFileReference; lastKnownFileType = text.plist.xml; path = Info.plist; sourceTree = "<group>"; };
		84A65F781A97551B002512B9 /* iCalcTests.swift */ = {isa = PBXFileReference; lastKnownFileType = sourcecode.swift; path = iCalcTests.swift; sourceTree = "<group>"; };
/* End PBXFileReference section */

/* Begin PBXFrameworksBuildPhase section */
		84A65F571A97551A002512B9 /* Frameworks */ = {
			isa = PBXFrameworksBuildPhase;
			buildActionMask = 2147483647;
			files = (
			);
			runOnlyForDeploymentPostprocessing = 0;
		};
		84A65F6F1A97551B002512B9 /* Frameworks */ = {
			isa = PBXFrameworksBuildPhase;
			buildActionMask = 2147483647;
			files = (
			);
			runOnlyForDeploymentPostprocessing = 0;
		};
/* End PBXFrameworksBuildPhase section */

/* Begin PBXGroup section */
		84A65F511A97551A002512B9 = {
			isa = PBXGroup;
			children = (
				84A65F5C1A97551A002512B9 /* iCalc */,
				84A65F751A97551B002512B9 /* iCalcTests */,
				84A65F5B1A97551A002512B9 /* Products */,
			);
			sourceTree = "<group>";
		};
		84A65F5B1A97551A002512B9 /* Products */ = {
			isa = PBXGroup;
			children = (
				84A65F5A1A97551A002512B9 /* iCalc.app */,
				84A65F721A97551B002512B9 /* iCalcTests.xctest */,
			);
			name = Products;
			sourceTree = "<group>";
		};
		84A65F5C1A97551A002512B9 /* iCalc */ = {
			isa = PBXGroup;
			children = (
				84A65F5F1A97551A002512B9 /* AppDelegate.swift */,
				84A65F641A97551A002512B9 /* ViewController.swift */,
				84A65F661A97551A002512B9 /* Main.storyboard */,
				84A65F691A97551B002512B9 /* Images.xcassets */,
				84A65F6B1A97551B002512B9 /* LaunchScreen.xib */,
				84A65F611A97551A002512B9 /* iCalc.xcdatamodeld */,
				84A65F5D1A97551A002512B9 /* Supporting Files */,
			);
			path = iCalc;
			sourceTree = "<group>";
		};
		84A65F5D1A97551A002512B9 /* Supporting Files */ = {
			isa = PBXGroup;
			children = (
				84A65F5E1A97551A002512B9 /* Info.plist */,
			);
			name = "Supporting Files";
			sourceTree = "<group>";
		};
		84A65F751A97551B002512B9 /* iCalcTests */ = {
			isa = PBXGroup;
			children = (
				84A65F781A97551B002512B9 /* iCalcTests.swift */,
				84A65F761A97551B002512B9 /* Supporting Files */,
			);
			path = iCalcTests;
			sourceTree = "<group>";
		};
		84A65F761A97551B002512B9 /* Supporting Files */ = {
			isa = PBXGroup;
			children = (
				84A65F771A97551B002512B9 /* Info.plist */,
			);
			name = "Supporting Files";
			sourceTree = "<group>";
		};
/* End PBXGroup section */

/* Begin PBXNativeTarget section */
		84A65F591A97551A002512B9 /* iCalc */ = {
			isa = PBXNativeTarget;
			buildConfigurationList = 84A65F7C1A97551B002512B9 /* Build configuration list for PBXNativeTarget "iCalc" */;
			buildPhases = (
				84A65F561A97551A002512B9 /* Sources */,
				84A65F571A97551A002512B9 /* Frameworks */,
				84A65F581A97551A002512B9 /* Resources */,
			);
			buildRules = (
			);
			dependencies = (
			);
			name = iCalc;
			productName = iCalc;
			productReference = 84A65F5A1A97551A002512B9 /* iCalc.app */;
			productType = "com.apple.product-type.application";
		};
		84A65F711A97551B002512B9 /* iCalcTests */ = {
			isa = PBXNativeTarget;
			buildConfigurationList = 84A65F7F1A97551B002512B9 /* Build configuration list for PBXNativeTarget "iCalcTests" */;
			buildPhases = (
				84A65F6E1A97551B002512B9 /* Sources */,
				84A65F6F1A97551B002512B9 /* Frameworks */,
				84A65F701A97551B002512B9 /* Resources */,
			);
			buildRules = (
			);
			dependencies = (
				84A65F741A97551B002512B9 /* PBXTargetDependency */,
			);
			name = iCalcTests;
			productName = iCalcTests;
			productReference = 84A65F721A97551B002512B9 /* iCalcTests.xctest */;
			productType = "com.apple.product-type.bundle.unit-test";
		};
/* End PBXNativeTarget section */

/* Begin PBXProject section */
		84A65F521A97551A002512B9 /* Project object */ = {
			isa = PBXProject;
			attributes = {
				LastUpgradeCheck = 0610;
				ORGANIZATIONNAME = admin;
				TargetAttributes = {
					84A65F591A97551A002512B9 = {
						CreatedOnToolsVersion = 6.1.1;
					};
					84A65F711A97551B002512B9 = {
						CreatedOnToolsVersion = 6.1.1;
						TestTargetID = 84A65F591A97551A002512B9;
					};
				};
			};
			buildConfigurationList = 84A65F551A97551A002512B9 /* Build configuration list for PBXProject "iCalc" */;
			compatibilityVersion = "Xcode 3.2";
			developmentRegion = English;
			hasScannedForEncodings = 0;
			knownRegions = (
				en,
				Base,
			);
			mainGroup = 84A65F511A97551A002512B9;
			productRefGroup = 84A65F5B1A97551A002512B9 /* Products */;
			projectDirPath = "";
			projectRoot = "";
			targets = (
				84A65F591A97551A002512B9 /* iCalc */,
				84A65F711A97551B002512B9 /* iCalcTests */,
			);
		};
/* End PBXProject section */

/* Begin PBXResourcesBuildPhase section */
		84A65F581A97551A002512B9 /* Resources */ = {
			isa = PBXResourcesBuildPhase;
			buildActionMask = 2147483647;
			files = (
				84A65F681A97551A002512B9 /* Main.storyboard in Resources */,
				84A65F6D1A97551B002512B9 /* LaunchScreen.xib in Resources */,
				84A65F6A1A97551B002512B9 /* Images.xcassets in Resources */,
			);
			runOnlyForDeploymentPostprocessing = 0;
		};
		84A65F701A97551B002512B9 /* Resources */ = {
			isa = PBXResourcesBuildPhase;
			buildActionMask = 2147483647;
			files = (
			);
			runOnlyForDeploymentPostprocessing = 0;
		};
/* End PBXResourcesBuildPhase section */

/* Begin PBXSourcesBuildPhase section */
		84A65F561A97551A002512B9 /* Sources */ = {
			isa = PBXSourcesBuildPhase;
			buildActionMask = 2147483647;
			files = (
				84A65F651A97551A002512B9 /* ViewController.swift in Sources */,
				84A65F631A97551A002512B9 /* iCalc.xcdatamodeld in Sources */,
				84A65F601A97551A002512B9 /* AppDelegate.swift in Sources */,
			);
			runOnlyForDeploymentPostprocessing = 0;
		};
		84A65F6E1A97551B002512B9 /* Sources */ = {
			isa = PBXSourcesBuildPhase;
			buildActionMask = 2147483647;
			files = (
				84A65F791A97551B002512B9 /* iCalcTests.swift in Sources */,
			);
			runOnlyForDeploymentPostprocessing = 0;
		};
/* End PBXSourcesBuildPhase section */

/* Begin PBXTargetDependency section */
		84A65F741A97551B002512B9 /* PBXTargetDependency */ = {
			isa = PBXTargetDependency;
			target = 84A65F591A97551A002512B9 /* iCalc */;
			targetProxy = 84A65F731A97551B002512B9 /* PBXContainerItemProxy */;
		};
/* End PBXTargetDependency section */

/* Begin PBXVariantGroup section */
		84A65F661A97551A002512B9 /* Main.storyboard */ = {
			isa = PBXVariantGroup;
			children = (
				84A65F671A97551A002512B9 /* Base */,
			);
			name = Main.storyboard;
			sourceTree = "<group>";
		};
		84A65F6B1A97551B002512B9 /* LaunchScreen.xib */ = {
			isa = PBXVariantGroup;
			children = (
				84A65F6C1A97551B002512B9 /* Base */,
			);
			name = LaunchScreen.xib;
			sourceTree = "<group>";
		};
/* End PBXVariantGroup section */

/* Begin XCBuildConfiguration section */
		84A65F7A1A97551B002512B9 /* Debug */ = {
			isa = XCBuildConfiguration;
			buildSettings = {
				ALWAYS_SEARCH_USER_PATHS = NO;
				CLANG_CXX_LANGUAGE_STANDARD = "gnu++0x";
				CLANG_CXX_LIBRARY = "libc++";
				CLANG_ENABLE_MODULES = YES;
				CLANG_ENABLE_OBJC_ARC = YES;
				CLANG_WARN_BOOL_CONVERSION = YES;
				CLANG_WARN_CONSTANT_CONVERSION = YES;
				CLANG_WARN_DIRECT_OBJC_ISA_USAGE = YES_ERROR;
				CLANG_WARN_EMPTY_BODY = YES;
				CLANG_WARN_ENUM_CONVERSION = YES;
				CLANG_WARN_INT_CONVERSION = YES;
				CLANG_WARN_OBJC_ROOT_CLASS = YES_ERROR;
				CLANG_WARN_UNREACHABLE_CODE = YES;
				CLANG_WARN__DUPLICATE_METHOD_MATCH = YES;
				"CODE_SIGN_IDENTITY[sdk=iphoneos*]" = "iPhone Developer";
				COPY_PHASE_STRIP = NO;
				ENABLE_STRICT_OBJC_MSGSEND = YES;
				GCC_C_LANGUAGE_STANDARD = gnu99;
				GCC_DYNAMIC_NO_PIC = NO;
				GCC_OPTIMIZATION_LEVEL = 0;
				GCC_PREPROCESSOR_DEFINITIONS = (
					"DEBUG=1",
					"$(inherited)",
				);
				GCC_SYMBOLS_PRIVATE_EXTERN = NO;
				GCC_WARN_64_TO_32_BIT_CONVERSION = YES;
				GCC_WARN_ABOUT_RETURN_TYPE = YES_ERROR;
				GCC_WARN_UNDECLARED_SELECTOR = YES;
				GCC_WARN_UNINITIALIZED_AUTOS = YES_AGGRESSIVE;
				GCC_WARN_UNUSED_FUNCTION = YES;
				GCC_WARN_UNUSED_VARIABLE = YES;
				IPHONEOS_DEPLOYMENT_TARGET = 8.1;
				MTL_ENABLE_DEBUG_INFO = YES;
				ONLY_ACTIVE_ARCH = YES;
				SDKROOT = iphoneos;
				SWIFT_OPTIMIZATION_LEVEL = "-Onone";
				TARGETED_DEVICE_FAMILY = "1,2";
			};
			name = Debug;
		};
		84A65F7B1A97551B002512B9 /* Release */ = {
			isa = XCBuildConfiguration;
			buildSettings = {
				ALWAYS_SEARCH_USER_PATHS = NO;
				CLANG_CXX_LANGUAGE_STANDARD = "gnu++0x";
				CLANG_CXX_LIBRARY = "libc++";
				CLANG_ENABLE_MODULES = YES;
				CLANG_ENABLE_OBJC_ARC = YES;
				CLANG_WARN_BOOL_CONVERSION = YES;
				CLANG_WARN_CONSTANT_CONVERSION = YES;
				CLANG_WARN_DIRECT_OBJC_ISA_USAGE = YES_ERROR;
				CLANG_WARN_EMPTY_BODY = YES;
				CLANG_WARN_ENUM_CONVERSION = YES;
				CLANG_WARN_INT_CONVERSION = YES;
				CLANG_WARN_OBJC_ROOT_CLASS = YES_ERROR;
				CLANG_WARN_UNREACHABLE_CODE = YES;
				CLANG_WARN__DUPLICATE_METHOD_MATCH = YES;
				"CODE_SIGN_IDENTITY[sdk=iphoneos*]" = "iPhone Developer";
				COPY_PHASE_STRIP = YES;
				ENABLE_NS_ASSERTIONS = NO;
				ENABLE_STRICT_OBJC_MSGSEND = YES;
				GCC_C_LANGUAGE_STANDARD = gnu99;
				GCC_WARN_64_TO_32_BIT_CONVERSION = YES;
				GCC_WARN_ABOUT_RETURN_TYPE = YES_ERROR;
				GCC_WARN_UNDECLARED_SELECTOR = YES;
				GCC_WARN_UNINITIALIZED_AUTOS = YES_AGGRESSIVE;
				GCC_WARN_UNUSED_FUNCTION = YES;
				GCC_WARN_UNUSED_VARIABLE = YES;
				IPHONEOS_DEPLOYMENT_TARGET = 8.1;
				MTL_ENABLE_DEBUG_INFO = NO;
				SDKROOT = iphoneos;
				TARGETED_DEVICE_FAMILY = "1,2";
				VALIDATE_PRODUCT = YES;
			};
			name = Release;
		};
		84A65F7D1A97551B002512B9 /* Debug */ = {
			isa = XCBuildConfiguration;
			buildSettings = {
				ASSETCATALOG_COMPILER_APPICON_NAME = AppIcon;
				INFOPLIST_FILE = iCalc/Info.plist;
				LD_RUNPATH_SEARCH_PATHS = "$(inherited) @executable_path/Frameworks";
				PRODUCT_NAME = "$(TARGET_NAME)";
			};
			name = Debug;
		};
		84A65F7E1A97551B002512B9 /* Release */ = {
			isa = XCBuildConfiguration;
			buildSettings = {
				ASSETCATALOG_COMPILER_APPICON_NAME = AppIcon;
				INFOPLIST_FILE = iCalc/Info.plist;
				LD_RUNPATH_SEARCH_PATHS = "$(inherited) @executable_path/Frameworks";
				PRODUCT_NAME = "$(TARGET_NAME)";
			};
			name = Release;
		};
		84A65F801A97551B002512B9 /* Debug */ = {
			isa = XCBuildConfiguration;
			buildSettings = {
				BUNDLE_LOADER = "$(TEST_HOST)";
				FRAMEWORK_SEARCH_PATHS = (
					"$(SDKROOT)/Developer/Library/Frameworks",
					"$(inherited)",
				);
				GCC_PREPROCESSOR_DEFINITIONS = (
					"DEBUG=1",
					"$(inherited)",
				);
				INFOPLIST_FILE = iCalcTests/Info.plist;
				LD_RUNPATH_SEARCH_PATHS = "$(inherited) @executable_path/Frameworks @loader_path/Frameworks";
				PRODUCT_NAME = "$(TARGET_NAME)";
				TEST_HOST = "$(BUILT_PRODUCTS_DIR)/iCalc.app/iCalc";
			};
			name = Debug;
		};
		84A65F811A97551B002512B9 /* Release */ = {
			isa = XCBuildConfiguration;
			buildSettings = {
				BUNDLE_LOADER = "$(TEST_HOST)";
				FRAMEWORK_SEARCH_PATHS = (
					"$(SDKROOT)/Developer/Library/Frameworks",
					"$(inherited)",
				);
				INFOPLIST_FILE = iCalcTests/Info.plist;
				LD_RUNPATH_SEARCH_PATHS = "$(inherited) @executable_path/Frameworks @loader_path/Frameworks";
				PRODUCT_NAME = "$(TARGET_NAME)";
				TEST_HOST = "$(BUILT_PRODUCTS_DIR)/iCalc.app/iCalc";
			};
			name = Release;
		};
/* End XCBuildConfiguration section */

/* Begin XCConfigurationList section */
		84A65F551A97551A002512B9 /* Build configuration list for PBXProject "iCalc" */ = {
			isa = XCConfigurationList;
			buildConfigurations = (
				84A65F7A1A97551B002512B9 /* Debug */,
				84A65F7B1A97551B002512B9 /* Release */,
			);
			defaultConfigurationIsVisible = 0;
			defaultConfigurationName = Release;
		};
		84A65F7C1A97551B002512B9 /* Build configuration list for PBXNativeTarget "iCalc" */ = {
			isa = XCConfigurationList;
			buildConfigurations = (
				84A65F7D1A97551B002512B9 /* Debug */,
				84A65F7E1A97551B002512B9 /* Release */,
			);
			defaultConfigurationIsVisible = 0;
		};
		84A65F7F1A97551B002512B9 /* Build configuration list for PBXNativeTarget "iCalcTests" */ = {
			isa = XCConfigurationList;
			buildConfigurations = (
				84A65F801A97551B002512B9 /* Debug */,
				84A65F811A97551B002512B9 /* Release */,
			);
			defaultConfigurationIsVisible = 0;
		};
/* End XCConfigurationList section */

/* Begin XCVersionGroup section */
		84A65F611A97551A002512B9 /* iCalc.xcdatamodeld */ = {
			isa = XCVersionGroup;
			children = (
				84A65F621A97551A002512B9 /* iCalc.xcdatamodel */,
			);
			currentVersion = 84A65F621A97551A002512B9 /* iCalc.xcdatamodel */;
			path = iCalc.xcdatamodeld;
			sourceTree = "<group>";
			versionGroupType = wrapper.xcdatamodel;
		};
/* End XCVersionGroup section */
	};
	rootObject = 84A65F521A97551A002512B9 /* Project object */;
}
