// !$*UTF8*$!
{
	archiveVersion = 1;
	classes = {
	};
	objectVersion = 46;
	objects = {

/* Begin PBXBuildFile section */
		8409C1B41A9CA0880014D0CB /* AppDelegate.swift in Sources */ = {isa = PBXBuildFile; fileRef = 8409C1B31A9CA0880014D0CB /* AppDelegate.swift */; };
		8409C1B71A9CA0880014D0CB /* SQLiteSolution_01.xcdatamodeld in Sources */ = {isa = PBXBuildFile; fileRef = 8409C1B51A9CA0880014D0CB /* SQLiteSolution_01.xcdatamodeld */; };
		8409C1B91A9CA0880014D0CB /* ViewController.swift in Sources */ = {isa = PBXBuildFile; fileRef = 8409C1B81A9CA0880014D0CB /* ViewController.swift */; };
		8409C1BC1A9CA0880014D0CB /* Main.storyboard in Resources */ = {isa = PBXBuildFile; fileRef = 8409C1BA1A9CA0880014D0CB /* Main.storyboard */; };
		8409C1BE1A9CA0880014D0CB /* Images.xcassets in Resources */ = {isa = PBXBuildFile; fileRef = 8409C1BD1A9CA0880014D0CB /* Images.xcassets */; };
		8409C1C11A9CA0880014D0CB /* LaunchScreen.xib in Resources */ = {isa = PBXBuildFile; fileRef = 8409C1BF1A9CA0880014D0CB /* LaunchScreen.xib */; };
		8409C1CD1A9CA0880014D0CB /* SQLiteSolution_01Tests.swift in Sources */ = {isa = PBXBuildFile; fileRef = 8409C1CC1A9CA0880014D0CB /* SQLiteSolution_01Tests.swift */; };
		8409C1D71A9CA0A20014D0CB /* libsqlite3.dylib in Frameworks */ = {isa = PBXBuildFile; fileRef = 8409C1D61A9CA0A20014D0CB /* libsqlite3.dylib */; };
		8409C1D91A9CA4770014D0CB /* readme in Resources */ = {isa = PBXBuildFile; fileRef = 8409C1D81A9CA4770014D0CB /* readme */; };
		8409C1DD1A9CB6780014D0CB /* vcMain.swift in Sources */ = {isa = PBXBuildFile; fileRef = 8409C1DC1A9CB6780014D0CB /* vcMain.swift */; };
/* End PBXBuildFile section */

/* Begin PBXContainerItemProxy section */
		8409C1C71A9CA0880014D0CB /* PBXContainerItemProxy */ = {
			isa = PBXContainerItemProxy;
			containerPortal = 8409C1A61A9CA0880014D0CB /* Project object */;
			proxyType = 1;
			remoteGlobalIDString = 8409C1AD1A9CA0880014D0CB;
			remoteInfo = SQLiteSolution_01;
		};
/* End PBXContainerItemProxy section */

/* Begin PBXFileReference section */
		8409C1AE1A9CA0880014D0CB /* SQLiteSolution_01.app */ = {isa = PBXFileReference; explicitFileType = wrapper.application; includeInIndex = 0; path = SQLiteSolution_01.app; sourceTree = BUILT_PRODUCTS_DIR; };
		8409C1B21A9CA0880014D0CB /* Info.plist */ = {isa = PBXFileReference; lastKnownFileType = text.plist.xml; path = Info.plist; sourceTree = "<group>"; };
		8409C1B31A9CA0880014D0CB /* AppDelegate.swift */ = {isa = PBXFileReference; lastKnownFileType = sourcecode.swift; path = AppDelegate.swift; sourceTree = "<group>"; };
		8409C1B61A9CA0880014D0CB /* SQLiteSolution_01.xcdatamodel */ = {isa = PBXFileReference; lastKnownFileType = wrapper.xcdatamodel; path = SQLiteSolution_01.xcdatamodel; sourceTree = "<group>"; };
		8409C1B81A9CA0880014D0CB /* ViewController.swift */ = {isa = PBXFileReference; lastKnownFileType = sourcecode.swift; path = ViewController.swift; sourceTree = "<group>"; };
		8409C1BB1A9CA0880014D0CB /* Base */ = {isa = PBXFileReference; lastKnownFileType = file.storyboard; name = Base; path = Base.lproj/Main.storyboard; sourceTree = "<group>"; };
		8409C1BD1A9CA0880014D0CB /* Images.xcassets */ = {isa = PBXFileReference; lastKnownFileType = folder.assetcatalog; path = Images.xcassets; sourceTree = "<group>"; };
		8409C1C01A9CA0880014D0CB /* Base */ = {isa = PBXFileReference; lastKnownFileType = file.xib; name = Base; path = Base.lproj/LaunchScreen.xib; sourceTree = "<group>"; };
		8409C1C61A9CA0880014D0CB /* SQLiteSolution_01Tests.xctest */ = {isa = PBXFileReference; explicitFileType = wrapper.cfbundle; includeInIndex = 0; path = SQLiteSolution_01Tests.xctest; sourceTree = BUILT_PRODUCTS_DIR; };
		8409C1CB1A9CA0880014D0CB /* Info.plist */ = {isa = PBXFileReference; lastKnownFileType = text.plist.xml; path = Info.plist; sourceTree = "<group>"; };
		8409C1CC1A9CA0880014D0CB /* SQLiteSolution_01Tests.swift */ = {isa = PBXFileReference; lastKnownFileType = sourcecode.swift; path = SQLiteSolution_01Tests.swift; sourceTree = "<group>"; };
		8409C1D61A9CA0A20014D0CB /* libsqlite3.dylib */ = {isa = PBXFileReference; lastKnownFileType = "compiled.mach-o.dylib"; name = libsqlite3.dylib; path = usr/lib/libsqlite3.dylib; sourceTree = SDKROOT; };
		8409C1D81A9CA4770014D0CB /* readme */ = {isa = PBXFileReference; fileEncoding = 4; lastKnownFileType = text; path = readme; sourceTree = "<group>"; };
		8409C1DC1A9CB6780014D0CB /* vcMain.swift */ = {isa = PBXFileReference; fileEncoding = 4; lastKnownFileType = sourcecode.swift; path = vcMain.swift; sourceTree = "<group>"; };
/* End PBXFileReference section */

/* Begin PBXFrameworksBuildPhase section */
		8409C1AB1A9CA0880014D0CB /* Frameworks */ = {
			isa = PBXFrameworksBuildPhase;
			buildActionMask = 2147483647;
			files = (
				8409C1D71A9CA0A20014D0CB /* libsqlite3.dylib in Frameworks */,
			);
			runOnlyForDeploymentPostprocessing = 0;
		};
		8409C1C31A9CA0880014D0CB /* Frameworks */ = {
			isa = PBXFrameworksBuildPhase;
			buildActionMask = 2147483647;
			files = (
			);
			runOnlyForDeploymentPostprocessing = 0;
		};
/* End PBXFrameworksBuildPhase section */

/* Begin PBXGroup section */
		8409C1A51A9CA0880014D0CB = {
			isa = PBXGroup;
			children = (
				8409C1D61A9CA0A20014D0CB /* libsqlite3.dylib */,
				8409C1B01A9CA0880014D0CB /* SQLiteSolution_01 */,
				8409C1C91A9CA0880014D0CB /* SQLiteSolution_01Tests */,
				8409C1AF1A9CA0880014D0CB /* Products */,
			);
			sourceTree = "<group>";
		};
		8409C1AF1A9CA0880014D0CB /* Products */ = {
			isa = PBXGroup;
			children = (
				8409C1AE1A9CA0880014D0CB /* SQLiteSolution_01.app */,
				8409C1C61A9CA0880014D0CB /* SQLiteSolution_01Tests.xctest */,
			);
			name = Products;
			sourceTree = "<group>";
		};
		8409C1B01A9CA0880014D0CB /* SQLiteSolution_01 */ = {
			isa = PBXGroup;
			children = (
				8409C1B31A9CA0880014D0CB /* AppDelegate.swift */,
				8409C1B81A9CA0880014D0CB /* ViewController.swift */,
				8409C1BA1A9CA0880014D0CB /* Main.storyboard */,
				8409C1BD1A9CA0880014D0CB /* Images.xcassets */,
				8409C1BF1A9CA0880014D0CB /* LaunchScreen.xib */,
				8409C1B51A9CA0880014D0CB /* SQLiteSolution_01.xcdatamodeld */,
				8409C1B11A9CA0880014D0CB /* Supporting Files */,
				8409C1D81A9CA4770014D0CB /* readme */,
				8409C1DC1A9CB6780014D0CB /* vcMain.swift */,
			);
			path = SQLiteSolution_01;
			sourceTree = "<group>";
		};
		8409C1B11A9CA0880014D0CB /* Supporting Files */ = {
			isa = PBXGroup;
			children = (
				8409C1B21A9CA0880014D0CB /* Info.plist */,
			);
			name = "Supporting Files";
			sourceTree = "<group>";
		};
		8409C1C91A9CA0880014D0CB /* SQLiteSolution_01Tests */ = {
			isa = PBXGroup;
			children = (
				8409C1CC1A9CA0880014D0CB /* SQLiteSolution_01Tests.swift */,
				8409C1CA1A9CA0880014D0CB /* Supporting Files */,
			);
			path = SQLiteSolution_01Tests;
			sourceTree = "<group>";
		};
		8409C1CA1A9CA0880014D0CB /* Supporting Files */ = {
			isa = PBXGroup;
			children = (
				8409C1CB1A9CA0880014D0CB /* Info.plist */,
			);
			name = "Supporting Files";
			sourceTree = "<group>";
		};
/* End PBXGroup section */

/* Begin PBXNativeTarget section */
		8409C1AD1A9CA0880014D0CB /* SQLiteSolution_01 */ = {
			isa = PBXNativeTarget;
			buildConfigurationList = 8409C1D01A9CA0880014D0CB /* Build configuration list for PBXNativeTarget "SQLiteSolution_01" */;
			buildPhases = (
				8409C1AA1A9CA0880014D0CB /* Sources */,
				8409C1AB1A9CA0880014D0CB /* Frameworks */,
				8409C1AC1A9CA0880014D0CB /* Resources */,
			);
			buildRules = (
			);
			dependencies = (
			);
			name = SQLiteSolution_01;
			productName = SQLiteSolution_01;
			productReference = 8409C1AE1A9CA0880014D0CB /* SQLiteSolution_01.app */;
			productType = "com.apple.product-type.application";
		};
		8409C1C51A9CA0880014D0CB /* SQLiteSolution_01Tests */ = {
			isa = PBXNativeTarget;
			buildConfigurationList = 8409C1D31A9CA0880014D0CB /* Build configuration list for PBXNativeTarget "SQLiteSolution_01Tests" */;
			buildPhases = (
				8409C1C21A9CA0880014D0CB /* Sources */,
				8409C1C31A9CA0880014D0CB /* Frameworks */,
				8409C1C41A9CA0880014D0CB /* Resources */,
			);
			buildRules = (
			);
			dependencies = (
				8409C1C81A9CA0880014D0CB /* PBXTargetDependency */,
			);
			name = SQLiteSolution_01Tests;
			productName = SQLiteSolution_01Tests;
			productReference = 8409C1C61A9CA0880014D0CB /* SQLiteSolution_01Tests.xctest */;
			productType = "com.apple.product-type.bundle.unit-test";
		};
/* End PBXNativeTarget section */

/* Begin PBXProject section */
		8409C1A61A9CA0880014D0CB /* Project object */ = {
			isa = PBXProject;
			attributes = {
				LastUpgradeCheck = 0610;
				ORGANIZATIONNAME = admin;
				TargetAttributes = {
					8409C1AD1A9CA0880014D0CB = {
						CreatedOnToolsVersion = 6.1.1;
					};
					8409C1C51A9CA0880014D0CB = {
						CreatedOnToolsVersion = 6.1.1;
						TestTargetID = 8409C1AD1A9CA0880014D0CB;
					};
				};
			};
			buildConfigurationList = 8409C1A91A9CA0880014D0CB /* Build configuration list for PBXProject "SQLiteSolution_01" */;
			compatibilityVersion = "Xcode 3.2";
			developmentRegion = English;
			hasScannedForEncodings = 0;
			knownRegions = (
				en,
				Base,
			);
			mainGroup = 8409C1A51A9CA0880014D0CB;
			productRefGroup = 8409C1AF1A9CA0880014D0CB /* Products */;
			projectDirPath = "";
			projectRoot = "";
			targets = (
				8409C1AD1A9CA0880014D0CB /* SQLiteSolution_01 */,
				8409C1C51A9CA0880014D0CB /* SQLiteSolution_01Tests */,
			);
		};
/* End PBXProject section */

/* Begin PBXResourcesBuildPhase section */
		8409C1AC1A9CA0880014D0CB /* Resources */ = {
			isa = PBXResourcesBuildPhase;
			buildActionMask = 2147483647;
			files = (
				8409C1D91A9CA4770014D0CB /* readme in Resources */,
				8409C1BC1A9CA0880014D0CB /* Main.storyboard in Resources */,
				8409C1C11A9CA0880014D0CB /* LaunchScreen.xib in Resources */,
				8409C1BE1A9CA0880014D0CB /* Images.xcassets in Resources */,
			);
			runOnlyForDeploymentPostprocessing = 0;
		};
		8409C1C41A9CA0880014D0CB /* Resources */ = {
			isa = PBXResourcesBuildPhase;
			buildActionMask = 2147483647;
			files = (
			);
			runOnlyForDeploymentPostprocessing = 0;
		};
/* End PBXResourcesBuildPhase section */

/* Begin PBXSourcesBuildPhase section */
		8409C1AA1A9CA0880014D0CB /* Sources */ = {
			isa = PBXSourcesBuildPhase;
			buildActionMask = 2147483647;
			files = (
				8409C1B91A9CA0880014D0CB /* ViewController.swift in Sources */,
				8409C1DD1A9CB6780014D0CB /* vcMain.swift in Sources */,
				8409C1B41A9CA0880014D0CB /* AppDelegate.swift in Sources */,
				8409C1B71A9CA0880014D0CB /* SQLiteSolution_01.xcdatamodeld in Sources */,
			);
			runOnlyForDeploymentPostprocessing = 0;
		};
		8409C1C21A9CA0880014D0CB /* Sources */ = {
			isa = PBXSourcesBuildPhase;
			buildActionMask = 2147483647;
			files = (
				8409C1CD1A9CA0880014D0CB /* SQLiteSolution_01Tests.swift in Sources */,
			);
			runOnlyForDeploymentPostprocessing = 0;
		};
/* End PBXSourcesBuildPhase section */

/* Begin PBXTargetDependency section */
		8409C1C81A9CA0880014D0CB /* PBXTargetDependency */ = {
			isa = PBXTargetDependency;
			target = 8409C1AD1A9CA0880014D0CB /* SQLiteSolution_01 */;
			targetProxy = 8409C1C71A9CA0880014D0CB /* PBXContainerItemProxy */;
		};
/* End PBXTargetDependency section */

/* Begin PBXVariantGroup section */
		8409C1BA1A9CA0880014D0CB /* Main.storyboard */ = {
			isa = PBXVariantGroup;
			children = (
				8409C1BB1A9CA0880014D0CB /* Base */,
			);
			name = Main.storyboard;
			sourceTree = "<group>";
		};
		8409C1BF1A9CA0880014D0CB /* LaunchScreen.xib */ = {
			isa = PBXVariantGroup;
			children = (
				8409C1C01A9CA0880014D0CB /* Base */,
			);
			name = LaunchScreen.xib;
			sourceTree = "<group>";
		};
/* End PBXVariantGroup section */

/* Begin XCBuildConfiguration section */
		8409C1CE1A9CA0880014D0CB /* Debug */ = {
			isa = XCBuildConfiguration;
			buildSettings = {
				ALWAYS_SEARCH_USER_PATHS = NO;
				CLANG_CXX_LANGUAGE_STANDARD = "gnu++0x";
				CLANG_CXX_LIBRARY = "libc++";
				CLANG_ENABLE_MODULES = YES;
				CLANG_ENABLE_OBJC_ARC = YES;
				CLANG_WARN_BOOL_CONVERSION = YES;
				CLANG_WARN_CONSTANT_CONVERSION = YES;
				CLANG_WARN_DIRECT_OBJC_ISA_USAGE = YES_ERROR;
				CLANG_WARN_EMPTY_BODY = YES;
				CLANG_WARN_ENUM_CONVERSION = YES;
				CLANG_WARN_INT_CONVERSION = YES;
				CLANG_WARN_OBJC_ROOT_CLASS = YES_ERROR;
				CLANG_WARN_UNREACHABLE_CODE = YES;
				CLANG_WARN__DUPLICATE_METHOD_MATCH = YES;
				"CODE_SIGN_IDENTITY[sdk=iphoneos*]" = "iPhone Developer";
				COPY_PHASE_STRIP = NO;
				ENABLE_STRICT_OBJC_MSGSEND = YES;
				GCC_C_LANGUAGE_STANDARD = gnu99;
				GCC_DYNAMIC_NO_PIC = NO;
				GCC_OPTIMIZATION_LEVEL = 0;
				GCC_PREPROCESSOR_DEFINITIONS = (
					"DEBUG=1",
					"$(inherited)",
				);
				GCC_SYMBOLS_PRIVATE_EXTERN = NO;
				GCC_WARN_64_TO_32_BIT_CONVERSION = YES;
				GCC_WARN_ABOUT_RETURN_TYPE = YES_ERROR;
				GCC_WARN_UNDECLARED_SELECTOR = YES;
				GCC_WARN_UNINITIALIZED_AUTOS = YES_AGGRESSIVE;
				GCC_WARN_UNUSED_FUNCTION = YES;
				GCC_WARN_UNUSED_VARIABLE = YES;
				IPHONEOS_DEPLOYMENT_TARGET = 8.1;
				MTL_ENABLE_DEBUG_INFO = YES;
				ONLY_ACTIVE_ARCH = YES;
				SDKROOT = iphoneos;
				SWIFT_OPTIMIZATION_LEVEL = "-Onone";
			};
			name = Debug;
		};
		8409C1CF1A9CA0880014D0CB /* Release */ = {
			isa = XCBuildConfiguration;
			buildSettings = {
				ALWAYS_SEARCH_USER_PATHS = NO;
				CLANG_CXX_LANGUAGE_STANDARD = "gnu++0x";
				CLANG_CXX_LIBRARY = "libc++";
				CLANG_ENABLE_MODULES = YES;
				CLANG_ENABLE_OBJC_ARC = YES;
				CLANG_WARN_BOOL_CONVERSION = YES;
				CLANG_WARN_CONSTANT_CONVERSION = YES;
				CLANG_WARN_DIRECT_OBJC_ISA_USAGE = YES_ERROR;
				CLANG_WARN_EMPTY_BODY = YES;
				CLANG_WARN_ENUM_CONVERSION = YES;
				CLANG_WARN_INT_CONVERSION = YES;
				CLANG_WARN_OBJC_ROOT_CLASS = YES_ERROR;
				CLANG_WARN_UNREACHABLE_CODE = YES;
				CLANG_WARN__DUPLICATE_METHOD_MATCH = YES;
				"CODE_SIGN_IDENTITY[sdk=iphoneos*]" = "iPhone Developer";
				COPY_PHASE_STRIP = YES;
				ENABLE_NS_ASSERTIONS = NO;
				ENABLE_STRICT_OBJC_MSGSEND = YES;
				GCC_C_LANGUAGE_STANDARD = gnu99;
				GCC_WARN_64_TO_32_BIT_CONVERSION = YES;
				GCC_WARN_ABOUT_RETURN_TYPE = YES_ERROR;
				GCC_WARN_UNDECLARED_SELECTOR = YES;
				GCC_WARN_UNINITIALIZED_AUTOS = YES_AGGRESSIVE;
				GCC_WARN_UNUSED_FUNCTION = YES;
				GCC_WARN_UNUSED_VARIABLE = YES;
				IPHONEOS_DEPLOYMENT_TARGET = 8.1;
				MTL_ENABLE_DEBUG_INFO = NO;
				SDKROOT = iphoneos;
				VALIDATE_PRODUCT = YES;
			};
			name = Release;
		};
		8409C1D11A9CA0880014D0CB /* Debug */ = {
			isa = XCBuildConfiguration;
			buildSettings = {
				ASSETCATALOG_COMPILER_APPICON_NAME = AppIcon;
				INFOPLIST_FILE = SQLiteSolution_01/Info.plist;
				LD_RUNPATH_SEARCH_PATHS = "$(inherited) @executable_path/Frameworks";
				PRODUCT_NAME = "$(TARGET_NAME)";
			};
			name = Debug;
		};
		8409C1D21A9CA0880014D0CB /* Release */ = {
			isa = XCBuildConfiguration;
			buildSettings = {
				ASSETCATALOG_COMPILER_APPICON_NAME = AppIcon;
				INFOPLIST_FILE = SQLiteSolution_01/Info.plist;
				LD_RUNPATH_SEARCH_PATHS = "$(inherited) @executable_path/Frameworks";
				PRODUCT_NAME = "$(TARGET_NAME)";
			};
			name = Release;
		};
		8409C1D41A9CA0880014D0CB /* Debug */ = {
			isa = XCBuildConfiguration;
			buildSettings = {
				BUNDLE_LOADER = "$(TEST_HOST)";
				FRAMEWORK_SEARCH_PATHS = (
					"$(SDKROOT)/Developer/Library/Frameworks",
					"$(inherited)",
				);
				GCC_PREPROCESSOR_DEFINITIONS = (
					"DEBUG=1",
					"$(inherited)",
				);
				INFOPLIST_FILE = SQLiteSolution_01Tests/Info.plist;
				LD_RUNPATH_SEARCH_PATHS = "$(inherited) @executable_path/Frameworks @loader_path/Frameworks";
				PRODUCT_NAME = "$(TARGET_NAME)";
				TEST_HOST = "$(BUILT_PRODUCTS_DIR)/SQLiteSolution_01.app/SQLiteSolution_01";
			};
			name = Debug;
		};
		8409C1D51A9CA0880014D0CB /* Release */ = {
			isa = XCBuildConfiguration;
			buildSettings = {
				BUNDLE_LOADER = "$(TEST_HOST)";
				FRAMEWORK_SEARCH_PATHS = (
					"$(SDKROOT)/Developer/Library/Frameworks",
					"$(inherited)",
				);
				INFOPLIST_FILE = SQLiteSolution_01Tests/Info.plist;
				LD_RUNPATH_SEARCH_PATHS = "$(inherited) @executable_path/Frameworks @loader_path/Frameworks";
				PRODUCT_NAME = "$(TARGET_NAME)";
				TEST_HOST = "$(BUILT_PRODUCTS_DIR)/SQLiteSolution_01.app/SQLiteSolution_01";
			};
			name = Release;
		};
/* End XCBuildConfiguration section */

/* Begin XCConfigurationList section */
		8409C1A91A9CA0880014D0CB /* Build configuration list for PBXProject "SQLiteSolution_01" */ = {
			isa = XCConfigurationList;
			buildConfigurations = (
				8409C1CE1A9CA0880014D0CB /* Debug */,
				8409C1CF1A9CA0880014D0CB /* Release */,
			);
			defaultConfigurationIsVisible = 0;
			defaultConfigurationName = Release;
		};
		8409C1D01A9CA0880014D0CB /* Build configuration list for PBXNativeTarget "SQLiteSolution_01" */ = {
			isa = XCConfigurationList;
			buildConfigurations = (
				8409C1D11A9CA0880014D0CB /* Debug */,
				8409C1D21A9CA0880014D0CB /* Release */,
			);
			defaultConfigurationIsVisible = 0;
		};
		8409C1D31A9CA0880014D0CB /* Build configuration list for PBXNativeTarget "SQLiteSolution_01Tests" */ = {
			isa = XCConfigurationList;
			buildConfigurations = (
				8409C1D41A9CA0880014D0CB /* Debug */,
				8409C1D51A9CA0880014D0CB /* Release */,
			);
			defaultConfigurationIsVisible = 0;
		};
/* End XCConfigurationList section */

/* Begin XCVersionGroup section */
		8409C1B51A9CA0880014D0CB /* SQLiteSolution_01.xcdatamodeld */ = {
			isa = XCVersionGroup;
			children = (
				8409C1B61A9CA0880014D0CB /* SQLiteSolution_01.xcdatamodel */,
			);
			currentVersion = 8409C1B61A9CA0880014D0CB /* SQLiteSolution_01.xcdatamodel */;
			path = SQLiteSolution_01.xcdatamodeld;
			sourceTree = "<group>";
			versionGroupType = wrapper.xcdatamodel;
		};
/* End XCVersionGroup section */
	};
	rootObject = 8409C1A61A9CA0880014D0CB /* Project object */;
}
